
Microsoft Visual Studio Solution File, Format Version 12.00
# Visual Studio Version 16
VisualStudioVersion = 16.0.29209.62
MinimumVisualStudioVersion = 10.0.40219.1
Project("{FAE04EC0-301F-11D3-BF4B-00C04F79EFBC}") = "Oblig1Nyere", "Oblig1Nyere\Oblig1Nyere.csproj", "{DAE5CE12-2DC1-4BB6-A32A-62ED93A6D08F}"
EndProject
Global
	GlobalSection(SolutionConfigurationPlatforms) = preSolution
		Debug|Any CPU = Debug|Any CPU
		Release|Any CPU = Release|Any CPU
	EndGlobalSection
	GlobalSection(ProjectConfigurationPlatforms) = postSolution
		{DAE5CE12-2DC1-4BB6-A32A-62ED93A6D08F}.Debug|Any CPU.ActiveCfg = Debug|Any CPU
		{DAE5CE12-2DC1-4BB6-A32A-62ED93A6D08F}.Debug|Any CPU.Build.0 = Debug|Any CPU
		{DAE5CE12-2DC1-4BB6-A32A-62ED93A6D08F}.Release|Any CPU.ActiveCfg = Release|Any CPU
		{DAE5CE12-2DC1-4BB6-A32A-62ED93A6D08F}.Release|Any CPU.Build.0 = Release|Any CPU
	EndGlobalSection
	GlobalSection(SolutionProperties) = preSolution
		HideSolutionNode = FALSE
	EndGlobalSection
	GlobalSection(ExtensibilityGlobals) = postSolution
		SolutionGuid = {CB58F5EB-397F-4EA7-AC66-B6BBED7A698A}
	EndGlobalSection
EndGlobal
